
Microsoft Visual Studio Solution File, Format Version 12.00
Project("{FAE04EC0-301F-11D3-BF4B-00C04F79EFBC}") = "RailFenceCipher", "RailFenceCipher\RailFenceCipher.csproj", "{0619A57D-1EC1-43E4-95B2-E04F3CB24709}"
EndProject
Project("{FAE04EC0-301F-11D3-BF4B-00C04F79EFBC}") = "RailFenceCipher.Tests", "RailFenceCipher.Tests\RailFenceCipher.Tests.csproj", "{766CAB5F-D477-4977-B272-F78DC0A3FC38}"
EndProject
Global
	GlobalSection(SolutionConfigurationPlatforms) = preSolution
		Debug|Any CPU = Debug|Any CPU
		Release|Any CPU = Release|Any CPU
	EndGlobalSection
	GlobalSection(ProjectConfigurationPlatforms) = postSolution
		{0619A57D-1EC1-43E4-95B2-E04F3CB24709}.Debug|Any CPU.ActiveCfg = Debug|Any CPU
		{0619A57D-1EC1-43E4-95B2-E04F3CB24709}.Debug|Any CPU.Build.0 = Debug|Any CPU
		{0619A57D-1EC1-43E4-95B2-E04F3CB24709}.Release|Any CPU.ActiveCfg = Release|Any CPU
		{0619A57D-1EC1-43E4-95B2-E04F3CB24709}.Release|Any CPU.Build.0 = Release|Any CPU
		{766CAB5F-D477-4977-B272-F78DC0A3FC38}.Debug|Any CPU.ActiveCfg = Debug|Any CPU
		{766CAB5F-D477-4977-B272-F78DC0A3FC38}.Debug|Any CPU.Build.0 = Debug|Any CPU
		{766CAB5F-D477-4977-B272-F78DC0A3FC38}.Release|Any CPU.ActiveCfg = Release|Any CPU
		{766CAB5F-D477-4977-B272-F78DC0A3FC38}.Release|Any CPU.Build.0 = Release|Any CPU
	EndGlobalSection
EndGlobal
